
Microsoft Visual Studio Solution File, Format Version 12.00
# Visual Studio 14
VisualStudioVersion = 14.0.23107.0
MinimumVisualStudioVersion = 10.0.40219.1
Project("{2150E333-8FDC-42A3-9474-1A3956D46DE8}") = "StartViewer", "StartViewer", "{A6378608-E4D8-45C2-B05D-2C2974F76BDF}"
EndProject
Project("{FAE04EC0-301F-11D3-BF4B-00C04F79EFBC}") = "Common", "StartViewer\Common\Common.csproj", "{6C72E1F1-A68B-41CA-87E6-DBC6A66314A4}"
EndProject
Project("{FAE04EC0-301F-11D3-BF4B-00C04F79EFBC}") = "WebApi", "StartViewer\WebApi\WebApi.csproj", "{0DADAAEB-84C4-4997-83A5-99AD6890540A}"
EndProject
Project("{FAE04EC0-301F-11D3-BF4B-00C04F79EFBC}") = "WebHost", "StartViewer\WebHost\WebHost.csproj", "{A2DF3C60-088F-4120-AD34-1FD40D7D716B}"
EndProject
Project("{FAE04EC0-301F-11D3-BF4B-00C04F79EFBC}") = "SelfHost", "StartViewer\SelfHost\SelfHost.csproj", "{A37E3DF2-EF11-42FE-BF7B-870B2ABFC5EC}"
EndProject
Project("{FAE04EC0-301F-11D3-BF4B-00C04F79EFBC}") = "ConsoleApp", "StartViewer\ConsoleApp\ConsoleApp.csproj", "{2A9A7E3B-549B-41E8-A2D4-9F4BAB5FDCA4}"
EndProject
Global
	GlobalSection(SolutionConfigurationPlatforms) = preSolution
		Debug|Any CPU = Debug|Any CPU
		Release|Any CPU = Release|Any CPU
	EndGlobalSection
	GlobalSection(ProjectConfigurationPlatforms) = postSolution
		{6C72E1F1-A68B-41CA-87E6-DBC6A66314A4}.Debug|Any CPU.ActiveCfg = Debug|Any CPU
		{6C72E1F1-A68B-41CA-87E6-DBC6A66314A4}.Debug|Any CPU.Build.0 = Debug|Any CPU
		{6C72E1F1-A68B-41CA-87E6-DBC6A66314A4}.Release|Any CPU.ActiveCfg = Release|Any CPU
		{6C72E1F1-A68B-41CA-87E6-DBC6A66314A4}.Release|Any CPU.Build.0 = Release|Any CPU
		{0DADAAEB-84C4-4997-83A5-99AD6890540A}.Debug|Any CPU.ActiveCfg = Debug|Any CPU
		{0DADAAEB-84C4-4997-83A5-99AD6890540A}.Debug|Any CPU.Build.0 = Debug|Any CPU
		{0DADAAEB-84C4-4997-83A5-99AD6890540A}.Release|Any CPU.ActiveCfg = Release|Any CPU
		{0DADAAEB-84C4-4997-83A5-99AD6890540A}.Release|Any CPU.Build.0 = Release|Any CPU
		{A2DF3C60-088F-4120-AD34-1FD40D7D716B}.Debug|Any CPU.ActiveCfg = Debug|Any CPU
		{A2DF3C60-088F-4120-AD34-1FD40D7D716B}.Debug|Any CPU.Build.0 = Debug|Any CPU
		{A2DF3C60-088F-4120-AD34-1FD40D7D716B}.Release|Any CPU.ActiveCfg = Release|Any CPU
		{A2DF3C60-088F-4120-AD34-1FD40D7D716B}.Release|Any CPU.Build.0 = Release|Any CPU
		{A37E3DF2-EF11-42FE-BF7B-870B2ABFC5EC}.Debug|Any CPU.ActiveCfg = Debug|Any CPU
		{A37E3DF2-EF11-42FE-BF7B-870B2ABFC5EC}.Debug|Any CPU.Build.0 = Debug|Any CPU
		{A37E3DF2-EF11-42FE-BF7B-870B2ABFC5EC}.Release|Any CPU.ActiveCfg = Release|Any CPU
		{A37E3DF2-EF11-42FE-BF7B-870B2ABFC5EC}.Release|Any CPU.Build.0 = Release|Any CPU
		{2A9A7E3B-549B-41E8-A2D4-9F4BAB5FDCA4}.Debug|Any CPU.ActiveCfg = Debug|Any CPU
		{2A9A7E3B-549B-41E8-A2D4-9F4BAB5FDCA4}.Debug|Any CPU.Build.0 = Debug|Any CPU
		{2A9A7E3B-549B-41E8-A2D4-9F4BAB5FDCA4}.Release|Any CPU.ActiveCfg = Release|Any CPU
		{2A9A7E3B-549B-41E8-A2D4-9F4BAB5FDCA4}.Release|Any CPU.Build.0 = Release|Any CPU
	EndGlobalSection
	GlobalSection(SolutionProperties) = preSolution
		HideSolutionNode = FALSE
	EndGlobalSection
	GlobalSection(NestedProjects) = preSolution
		{6C72E1F1-A68B-41CA-87E6-DBC6A66314A4} = {A6378608-E4D8-45C2-B05D-2C2974F76BDF}
		{0DADAAEB-84C4-4997-83A5-99AD6890540A} = {A6378608-E4D8-45C2-B05D-2C2974F76BDF}
		{A2DF3C60-088F-4120-AD34-1FD40D7D716B} = {A6378608-E4D8-45C2-B05D-2C2974F76BDF}
		{A37E3DF2-EF11-42FE-BF7B-870B2ABFC5EC} = {A6378608-E4D8-45C2-B05D-2C2974F76BDF}
		{2A9A7E3B-549B-41E8-A2D4-9F4BAB5FDCA4} = {A6378608-E4D8-45C2-B05D-2C2974F76BDF}
	EndGlobalSection
EndGlobal
