
Microsoft Visual Studio Solution File, Format Version 12.00
# Visual Studio 2013
VisualStudioVersion = 12.0.30501.0
MinimumVisualStudioVersion = 10.0.40219.1
Project("{FAE04EC0-301F-11D3-BF4B-00C04F79EFBC}") = "ASPPatterns.Chap7.QueryObject.Infrastructure", "ASPPatterns.Chap7.QueryObject.Infrastructure\ASPPatterns.Chap7.QueryObject.Infrastructure.csproj", "{F214A55F-66FE-4F1A-81B0-B1B53C85CDE4}"
EndProject
Project("{FAE04EC0-301F-11D3-BF4B-00C04F79EFBC}") = "ASPPatterns.Chap7.QueryObject.Model", "ASPPatterns.Chap7.QueryObject.Model\ASPPatterns.Chap7.QueryObject.Model.csproj", "{A84E6008-A044-43C7-B774-649208240E49}"
EndProject
Project("{FAE04EC0-301F-11D3-BF4B-00C04F79EFBC}") = "ASPPatterns.Chap7.QueryObject.Repository", "ASPPatterns.Chap7.QueryObject.Repository\ASPPatterns.Chap7.QueryObject.Repository.csproj", "{5429E767-A59C-4837-93DB-5A619D604410}"
EndProject
Global
	GlobalSection(SolutionConfigurationPlatforms) = preSolution
		Debug|Any CPU = Debug|Any CPU
		Release|Any CPU = Release|Any CPU
	EndGlobalSection
	GlobalSection(ProjectConfigurationPlatforms) = postSolution
		{F214A55F-66FE-4F1A-81B0-B1B53C85CDE4}.Debug|Any CPU.ActiveCfg = Debug|Any CPU
		{F214A55F-66FE-4F1A-81B0-B1B53C85CDE4}.Debug|Any CPU.Build.0 = Debug|Any CPU
		{F214A55F-66FE-4F1A-81B0-B1B53C85CDE4}.Release|Any CPU.ActiveCfg = Release|Any CPU
		{F214A55F-66FE-4F1A-81B0-B1B53C85CDE4}.Release|Any CPU.Build.0 = Release|Any CPU
		{A84E6008-A044-43C7-B774-649208240E49}.Debug|Any CPU.ActiveCfg = Debug|Any CPU
		{A84E6008-A044-43C7-B774-649208240E49}.Debug|Any CPU.Build.0 = Debug|Any CPU
		{A84E6008-A044-43C7-B774-649208240E49}.Release|Any CPU.ActiveCfg = Release|Any CPU
		{A84E6008-A044-43C7-B774-649208240E49}.Release|Any CPU.Build.0 = Release|Any CPU
		{5429E767-A59C-4837-93DB-5A619D604410}.Debug|Any CPU.ActiveCfg = Debug|Any CPU
		{5429E767-A59C-4837-93DB-5A619D604410}.Debug|Any CPU.Build.0 = Debug|Any CPU
		{5429E767-A59C-4837-93DB-5A619D604410}.Release|Any CPU.ActiveCfg = Release|Any CPU
		{5429E767-A59C-4837-93DB-5A619D604410}.Release|Any CPU.Build.0 = Release|Any CPU
	EndGlobalSection
	GlobalSection(SolutionProperties) = preSolution
		HideSolutionNode = FALSE
	EndGlobalSection
EndGlobal
