
Microsoft Visual Studio Solution File, Format Version 12.00
# Visual Studio 2013
VisualStudioVersion = 12.0.31101.0
MinimumVisualStudioVersion = 10.0.40219.1
Project("{2150E333-8FDC-42A3-9474-1A3956D46DE8}") = "1 异常处理", "1 异常处理", "{8385BF89-9272-4E16-B503-21C5D31268FB}"
EndProject
Project("{2150E333-8FDC-42A3-9474-1A3956D46DE8}") = "2 元数据", "2 元数据", "{2EEAF2C8-3AD5-4E41-8F8E-360B7F2E42B3}"
EndProject
Project("{FAE04EC0-301F-11D3-BF4B-00C04F79EFBC}") = "Client", "1 异常处理\Client\Client.csproj", "{7AE8BDF1-0789-4742-B756-CF7AC90BD92B}"
EndProject
Project("{FAE04EC0-301F-11D3-BF4B-00C04F79EFBC}") = "Hosting", "1 异常处理\Hosting\Hosting.csproj", "{57B5741B-B691-411C-A0E6-28E8837DB5E5}"
EndProject
Project("{FAE04EC0-301F-11D3-BF4B-00C04F79EFBC}") = "Service", "1 异常处理\Service\Service.csproj", "{1B00432B-2D72-4222-A000-292C486D8D87}"
EndProject
Project("{FAE04EC0-301F-11D3-BF4B-00C04F79EFBC}") = "Service.Interface", "1 异常处理\Service.Interface\Service.Interface.csproj", "{07081C83-ECBF-43C0-961A-DE44E71777B9}"
EndProject
Project("{FAE04EC0-301F-11D3-BF4B-00C04F79EFBC}") = "WebHosting", "1 异常处理\WebHosting\WebHosting.csproj", "{B7FF34B7-B235-49F7-A01D-5E108984AF58}"
EndProject
Project("{FAE04EC0-301F-11D3-BF4B-00C04F79EFBC}") = "ConsoleApp", "2 元数据\ConsoleApp\ConsoleApp.csproj", "{CB862C88-E888-4C60-872D-B913F44DACAC}"
EndProject
Project("{2150E333-8FDC-42A3-9474-1A3956D46DE8}") = "0 Demo", "0 Demo", "{859186A4-366C-4A90-930C-5CA2F71B6EA2}"
EndProject
Project("{FAE04EC0-301F-11D3-BF4B-00C04F79EFBC}") = "Client", "0 Demo\Client\Client.csproj", "{28D35D08-02FB-470A-8F48-3B21065050C0}"
EndProject
Project("{FAE04EC0-301F-11D3-BF4B-00C04F79EFBC}") = "Hosting", "0 Demo\Hosting\Hosting.csproj", "{5ED1B6A6-B8B4-4A4A-81EF-C4D1158F3F05}"
EndProject
Project("{FAE04EC0-301F-11D3-BF4B-00C04F79EFBC}") = "Service", "0 Demo\Service\Service.csproj", "{0A2D765E-7B7D-4003-9FCC-B355D1F8AB8F}"
EndProject
Project("{FAE04EC0-301F-11D3-BF4B-00C04F79EFBC}") = "Service.Interface", "0 Demo\Service.Interface\Service.Interface.csproj", "{CA4C9BEF-BCCC-46A6-9DC3-24B6EF095252}"
EndProject
Project("{FAE04EC0-301F-11D3-BF4B-00C04F79EFBC}") = "WebHosting", "0 Demo\WebHosting\WebHosting.csproj", "{37E6DC7D-F1C1-4C5E-A211-D733809CE4F9}"
EndProject
Project("{2150E333-8FDC-42A3-9474-1A3956D46DE8}") = "3 事务", "3 事务", "{91B900B5-1FD7-4AE7-8FE5-7AE2A7FDB6DE}"
EndProject
Project("{FAE04EC0-301F-11D3-BF4B-00C04F79EFBC}") = "WithdrawService", "3 事务\WithdrawService\WithdrawService.csproj", "{2980B5D8-D6EA-4AB3-A021-5716D7548259}"
EndProject
Project("{FAE04EC0-301F-11D3-BF4B-00C04F79EFBC}") = "DepositService", "3 事务\DepositService\DepositService.csproj", "{1602D388-F026-4921-93E7-726AD3466D7F}"
EndProject
Project("{FAE04EC0-301F-11D3-BF4B-00C04F79EFBC}") = "BankingService", "3 事务\BankingService\BankingService.csproj", "{2383B033-F00C-46D6-807B-9B498929312D}"
EndProject
Project("{FAE04EC0-301F-11D3-BF4B-00C04F79EFBC}") = "Interface", "3 事务\Interface\Interface.csproj", "{E85B7692-0173-406C-976B-C1EDF7B8B666}"
EndProject
Project("{2150E333-8FDC-42A3-9474-1A3956D46DE8}") = "4 并发与限流", "4 并发与限流", "{05CE1AEF-7CDE-425E-B645-5F6158459A3A}"
EndProject
Project("{FAE04EC0-301F-11D3-BF4B-00C04F79EFBC}") = "Service", "4 并发与限流\Service\Service.csproj", "{4F3903BF-B6BD-491D-AB03-BBFD52F0264F}"
EndProject
Project("{FAE04EC0-301F-11D3-BF4B-00C04F79EFBC}") = "Service.Interface", "4 并发与限流\Service.Interface\Service.Interface.csproj", "{CB008953-D6A7-41AF-B485-622DCEF0D9F7}"
EndProject
Project("{FAE04EC0-301F-11D3-BF4B-00C04F79EFBC}") = "WinFormHost", "4 并发与限流\WinFormHost\WinFormHost.csproj", "{D04E5D93-776E-4A86-B967-40D24AB6D0B1}"
EndProject
Project("{FAE04EC0-301F-11D3-BF4B-00C04F79EFBC}") = "WinFormClient", "4 并发与限流\WinFormClient\WinFormClient.csproj", "{8B69A9D7-7349-41DC-B0A7-F37F8C4F29C0}"
EndProject
Project("{FAE04EC0-301F-11D3-BF4B-00C04F79EFBC}") = "Extensions", "5 可靠会话\Extensions\Extensions.csproj", "{EE8F5896-5103-4088-87CE-279FA064BB56}"
EndProject
Project("{FAE04EC0-301F-11D3-BF4B-00C04F79EFBC}") = "Service.Interface", "5 可靠会话\Service.Interface\Service.Interface.csproj", "{CF9EAC8E-DE64-42A9-BF9C-BD3AD7FA8704}"
EndProject
Project("{FAE04EC0-301F-11D3-BF4B-00C04F79EFBC}") = "Service", "5 可靠会话\Service\Service.csproj", "{E9FBF583-02C2-4C69-B210-851E8BCD6BD4}"
EndProject
Project("{FAE04EC0-301F-11D3-BF4B-00C04F79EFBC}") = "WinFormHost", "5 可靠会话\WinFormHost\WinFormHost.csproj", "{DA27BE5F-B33B-4F77-A7D5-892D57775D1A}"
EndProject
Project("{FAE04EC0-301F-11D3-BF4B-00C04F79EFBC}") = "WinFormClient", "WinFormClient\WinFormClient.csproj", "{0E53667F-CDFD-4E23-A08B-AE37071BA396}"
EndProject
Project("{2150E333-8FDC-42A3-9474-1A3956D46DE8}") = "5 可靠会话", "5 可靠会话", "{8787B46A-6DD9-4D6E-A41B-F3FC703560DE}"
EndProject
Project("{2150E333-8FDC-42A3-9474-1A3956D46DE8}") = "6 队列服务", "6 队列服务", "{A0C7BB96-7135-47E6-8D52-8CC3E41C380E}"
EndProject
Project("{FAE04EC0-301F-11D3-BF4B-00C04F79EFBC}") = "Client", "6 队列服务\Client\Client.csproj", "{1846A749-6BD5-481D-8B1F-42ABD01D831F}"
EndProject
Project("{FAE04EC0-301F-11D3-BF4B-00C04F79EFBC}") = "Hosting", "6 队列服务\Hosting\Hosting.csproj", "{7B0D347F-2284-426C-A57D-F0A428A65781}"
EndProject
Project("{FAE04EC0-301F-11D3-BF4B-00C04F79EFBC}") = "Service", "6 队列服务\Service\Service.csproj", "{8F8BEA83-7633-4EA9-93C6-AD48DBC7709D}"
EndProject
Project("{FAE04EC0-301F-11D3-BF4B-00C04F79EFBC}") = "Service.Interface", "6 队列服务\Service.Interface\Service.Interface.csproj", "{AAEADB3E-A5E2-4BC8-ABF7-E085A663A9B5}"
EndProject
Project("{2150E333-8FDC-42A3-9474-1A3956D46DE8}") = "7 传输安全", "7 传输安全", "{AAE8DB71-8190-47A3-86B9-57DAB4622774}"
	ProjectSection(SolutionItems) = preProject
		ReadMe.txt = ReadMe.txt
	EndProjectSection
EndProject
Project("{FAE04EC0-301F-11D3-BF4B-00C04F79EFBC}") = "Service.Interface", "7 传输安全\Service.Interface\Service.Interface.csproj", "{624D4506-F291-4D5F-9FF3-D7033B797440}"
EndProject
Project("{FAE04EC0-301F-11D3-BF4B-00C04F79EFBC}") = "Service", "7 传输安全\Service\Service.csproj", "{E129E5CE-8D9A-458F-A1D4-C63083156090}"
EndProject
Project("{FAE04EC0-301F-11D3-BF4B-00C04F79EFBC}") = "Hosting", "7 传输安全\Hosting\Hosting.csproj", "{97ED54D0-B786-43F7-948A-9D89A47A5581}"
EndProject
Project("{FAE04EC0-301F-11D3-BF4B-00C04F79EFBC}") = "Client", "7 传输安全\Client\Client.csproj", "{2361AD25-70F6-4A66-B43F-190CD4ABD027}"
EndProject
Project("{FAE04EC0-301F-11D3-BF4B-00C04F79EFBC}") = "WebHosting", "7 传输安全\WebHosting\WebHosting.csproj", "{D9815551-9660-497D-8590-CCD9C0462058}"
EndProject
Global
	GlobalSection(SolutionConfigurationPlatforms) = preSolution
		Debug|Any CPU = Debug|Any CPU
		Release|Any CPU = Release|Any CPU
	EndGlobalSection
	GlobalSection(ProjectConfigurationPlatforms) = postSolution
		{7AE8BDF1-0789-4742-B756-CF7AC90BD92B}.Debug|Any CPU.ActiveCfg = Debug|Any CPU
		{7AE8BDF1-0789-4742-B756-CF7AC90BD92B}.Debug|Any CPU.Build.0 = Debug|Any CPU
		{7AE8BDF1-0789-4742-B756-CF7AC90BD92B}.Release|Any CPU.ActiveCfg = Release|Any CPU
		{7AE8BDF1-0789-4742-B756-CF7AC90BD92B}.Release|Any CPU.Build.0 = Release|Any CPU
		{57B5741B-B691-411C-A0E6-28E8837DB5E5}.Debug|Any CPU.ActiveCfg = Debug|Any CPU
		{57B5741B-B691-411C-A0E6-28E8837DB5E5}.Debug|Any CPU.Build.0 = Debug|Any CPU
		{57B5741B-B691-411C-A0E6-28E8837DB5E5}.Release|Any CPU.ActiveCfg = Release|Any CPU
		{57B5741B-B691-411C-A0E6-28E8837DB5E5}.Release|Any CPU.Build.0 = Release|Any CPU
		{1B00432B-2D72-4222-A000-292C486D8D87}.Debug|Any CPU.ActiveCfg = Debug|Any CPU
		{1B00432B-2D72-4222-A000-292C486D8D87}.Debug|Any CPU.Build.0 = Debug|Any CPU
		{1B00432B-2D72-4222-A000-292C486D8D87}.Release|Any CPU.ActiveCfg = Release|Any CPU
		{1B00432B-2D72-4222-A000-292C486D8D87}.Release|Any CPU.Build.0 = Release|Any CPU
		{07081C83-ECBF-43C0-961A-DE44E71777B9}.Debug|Any CPU.ActiveCfg = Debug|Any CPU
		{07081C83-ECBF-43C0-961A-DE44E71777B9}.Debug|Any CPU.Build.0 = Debug|Any CPU
		{07081C83-ECBF-43C0-961A-DE44E71777B9}.Release|Any CPU.ActiveCfg = Release|Any CPU
		{07081C83-ECBF-43C0-961A-DE44E71777B9}.Release|Any CPU.Build.0 = Release|Any CPU
		{B7FF34B7-B235-49F7-A01D-5E108984AF58}.Debug|Any CPU.ActiveCfg = Debug|Any CPU
		{B7FF34B7-B235-49F7-A01D-5E108984AF58}.Debug|Any CPU.Build.0 = Debug|Any CPU
		{B7FF34B7-B235-49F7-A01D-5E108984AF58}.Release|Any CPU.ActiveCfg = Release|Any CPU
		{B7FF34B7-B235-49F7-A01D-5E108984AF58}.Release|Any CPU.Build.0 = Release|Any CPU
		{CB862C88-E888-4C60-872D-B913F44DACAC}.Debug|Any CPU.ActiveCfg = Debug|Any CPU
		{CB862C88-E888-4C60-872D-B913F44DACAC}.Debug|Any CPU.Build.0 = Debug|Any CPU
		{CB862C88-E888-4C60-872D-B913F44DACAC}.Release|Any CPU.ActiveCfg = Release|Any CPU
		{CB862C88-E888-4C60-872D-B913F44DACAC}.Release|Any CPU.Build.0 = Release|Any CPU
		{28D35D08-02FB-470A-8F48-3B21065050C0}.Debug|Any CPU.ActiveCfg = Debug|Any CPU
		{28D35D08-02FB-470A-8F48-3B21065050C0}.Debug|Any CPU.Build.0 = Debug|Any CPU
		{28D35D08-02FB-470A-8F48-3B21065050C0}.Release|Any CPU.ActiveCfg = Release|Any CPU
		{28D35D08-02FB-470A-8F48-3B21065050C0}.Release|Any CPU.Build.0 = Release|Any CPU
		{5ED1B6A6-B8B4-4A4A-81EF-C4D1158F3F05}.Debug|Any CPU.ActiveCfg = Debug|Any CPU
		{5ED1B6A6-B8B4-4A4A-81EF-C4D1158F3F05}.Debug|Any CPU.Build.0 = Debug|Any CPU
		{5ED1B6A6-B8B4-4A4A-81EF-C4D1158F3F05}.Release|Any CPU.ActiveCfg = Release|Any CPU
		{5ED1B6A6-B8B4-4A4A-81EF-C4D1158F3F05}.Release|Any CPU.Build.0 = Release|Any CPU
		{0A2D765E-7B7D-4003-9FCC-B355D1F8AB8F}.Debug|Any CPU.ActiveCfg = Debug|Any CPU
		{0A2D765E-7B7D-4003-9FCC-B355D1F8AB8F}.Debug|Any CPU.Build.0 = Debug|Any CPU
		{0A2D765E-7B7D-4003-9FCC-B355D1F8AB8F}.Release|Any CPU.ActiveCfg = Release|Any CPU
		{0A2D765E-7B7D-4003-9FCC-B355D1F8AB8F}.Release|Any CPU.Build.0 = Release|Any CPU
		{CA4C9BEF-BCCC-46A6-9DC3-24B6EF095252}.Debug|Any CPU.ActiveCfg = Debug|Any CPU
		{CA4C9BEF-BCCC-46A6-9DC3-24B6EF095252}.Debug|Any CPU.Build.0 = Debug|Any CPU
		{CA4C9BEF-BCCC-46A6-9DC3-24B6EF095252}.Release|Any CPU.ActiveCfg = Release|Any CPU
		{CA4C9BEF-BCCC-46A6-9DC3-24B6EF095252}.Release|Any CPU.Build.0 = Release|Any CPU
		{37E6DC7D-F1C1-4C5E-A211-D733809CE4F9}.Debug|Any CPU.ActiveCfg = Debug|Any CPU
		{37E6DC7D-F1C1-4C5E-A211-D733809CE4F9}.Debug|Any CPU.Build.0 = Debug|Any CPU
		{37E6DC7D-F1C1-4C5E-A211-D733809CE4F9}.Release|Any CPU.ActiveCfg = Release|Any CPU
		{37E6DC7D-F1C1-4C5E-A211-D733809CE4F9}.Release|Any CPU.Build.0 = Release|Any CPU
		{2980B5D8-D6EA-4AB3-A021-5716D7548259}.Debug|Any CPU.ActiveCfg = Debug|Any CPU
		{2980B5D8-D6EA-4AB3-A021-5716D7548259}.Debug|Any CPU.Build.0 = Debug|Any CPU
		{2980B5D8-D6EA-4AB3-A021-5716D7548259}.Release|Any CPU.ActiveCfg = Release|Any CPU
		{2980B5D8-D6EA-4AB3-A021-5716D7548259}.Release|Any CPU.Build.0 = Release|Any CPU
		{1602D388-F026-4921-93E7-726AD3466D7F}.Debug|Any CPU.ActiveCfg = Debug|Any CPU
		{1602D388-F026-4921-93E7-726AD3466D7F}.Debug|Any CPU.Build.0 = Debug|Any CPU
		{1602D388-F026-4921-93E7-726AD3466D7F}.Release|Any CPU.ActiveCfg = Release|Any CPU
		{1602D388-F026-4921-93E7-726AD3466D7F}.Release|Any CPU.Build.0 = Release|Any CPU
		{2383B033-F00C-46D6-807B-9B498929312D}.Debug|Any CPU.ActiveCfg = Debug|Any CPU
		{2383B033-F00C-46D6-807B-9B498929312D}.Debug|Any CPU.Build.0 = Debug|Any CPU
		{2383B033-F00C-46D6-807B-9B498929312D}.Release|Any CPU.ActiveCfg = Release|Any CPU
		{2383B033-F00C-46D6-807B-9B498929312D}.Release|Any CPU.Build.0 = Release|Any CPU
		{E85B7692-0173-406C-976B-C1EDF7B8B666}.Debug|Any CPU.ActiveCfg = Debug|Any CPU
		{E85B7692-0173-406C-976B-C1EDF7B8B666}.Debug|Any CPU.Build.0 = Debug|Any CPU
		{E85B7692-0173-406C-976B-C1EDF7B8B666}.Release|Any CPU.ActiveCfg = Release|Any CPU
		{E85B7692-0173-406C-976B-C1EDF7B8B666}.Release|Any CPU.Build.0 = Release|Any CPU
		{4F3903BF-B6BD-491D-AB03-BBFD52F0264F}.Debug|Any CPU.ActiveCfg = Debug|Any CPU
		{4F3903BF-B6BD-491D-AB03-BBFD52F0264F}.Debug|Any CPU.Build.0 = Debug|Any CPU
		{4F3903BF-B6BD-491D-AB03-BBFD52F0264F}.Release|Any CPU.ActiveCfg = Release|Any CPU
		{4F3903BF-B6BD-491D-AB03-BBFD52F0264F}.Release|Any CPU.Build.0 = Release|Any CPU
		{CB008953-D6A7-41AF-B485-622DCEF0D9F7}.Debug|Any CPU.ActiveCfg = Debug|Any CPU
		{CB008953-D6A7-41AF-B485-622DCEF0D9F7}.Debug|Any CPU.Build.0 = Debug|Any CPU
		{CB008953-D6A7-41AF-B485-622DCEF0D9F7}.Release|Any CPU.ActiveCfg = Release|Any CPU
		{CB008953-D6A7-41AF-B485-622DCEF0D9F7}.Release|Any CPU.Build.0 = Release|Any CPU
		{D04E5D93-776E-4A86-B967-40D24AB6D0B1}.Debug|Any CPU.ActiveCfg = Debug|Any CPU
		{D04E5D93-776E-4A86-B967-40D24AB6D0B1}.Debug|Any CPU.Build.0 = Debug|Any CPU
		{D04E5D93-776E-4A86-B967-40D24AB6D0B1}.Release|Any CPU.ActiveCfg = Release|Any CPU
		{D04E5D93-776E-4A86-B967-40D24AB6D0B1}.Release|Any CPU.Build.0 = Release|Any CPU
		{8B69A9D7-7349-41DC-B0A7-F37F8C4F29C0}.Debug|Any CPU.ActiveCfg = Debug|Any CPU
		{8B69A9D7-7349-41DC-B0A7-F37F8C4F29C0}.Debug|Any CPU.Build.0 = Debug|Any CPU
		{8B69A9D7-7349-41DC-B0A7-F37F8C4F29C0}.Release|Any CPU.ActiveCfg = Release|Any CPU
		{8B69A9D7-7349-41DC-B0A7-F37F8C4F29C0}.Release|Any CPU.Build.0 = Release|Any CPU
		{EE8F5896-5103-4088-87CE-279FA064BB56}.Debug|Any CPU.ActiveCfg = Debug|Any CPU
		{EE8F5896-5103-4088-87CE-279FA064BB56}.Debug|Any CPU.Build.0 = Debug|Any CPU
		{EE8F5896-5103-4088-87CE-279FA064BB56}.Release|Any CPU.ActiveCfg = Release|Any CPU
		{EE8F5896-5103-4088-87CE-279FA064BB56}.Release|Any CPU.Build.0 = Release|Any CPU
		{CF9EAC8E-DE64-42A9-BF9C-BD3AD7FA8704}.Debug|Any CPU.ActiveCfg = Debug|Any CPU
		{CF9EAC8E-DE64-42A9-BF9C-BD3AD7FA8704}.Debug|Any CPU.Build.0 = Debug|Any CPU
		{CF9EAC8E-DE64-42A9-BF9C-BD3AD7FA8704}.Release|Any CPU.ActiveCfg = Release|Any CPU
		{CF9EAC8E-DE64-42A9-BF9C-BD3AD7FA8704}.Release|Any CPU.Build.0 = Release|Any CPU
		{E9FBF583-02C2-4C69-B210-851E8BCD6BD4}.Debug|Any CPU.ActiveCfg = Debug|Any CPU
		{E9FBF583-02C2-4C69-B210-851E8BCD6BD4}.Debug|Any CPU.Build.0 = Debug|Any CPU
		{E9FBF583-02C2-4C69-B210-851E8BCD6BD4}.Release|Any CPU.ActiveCfg = Release|Any CPU
		{E9FBF583-02C2-4C69-B210-851E8BCD6BD4}.Release|Any CPU.Build.0 = Release|Any CPU
		{DA27BE5F-B33B-4F77-A7D5-892D57775D1A}.Debug|Any CPU.ActiveCfg = Debug|Any CPU
		{DA27BE5F-B33B-4F77-A7D5-892D57775D1A}.Debug|Any CPU.Build.0 = Debug|Any CPU
		{DA27BE5F-B33B-4F77-A7D5-892D57775D1A}.Release|Any CPU.ActiveCfg = Release|Any CPU
		{DA27BE5F-B33B-4F77-A7D5-892D57775D1A}.Release|Any CPU.Build.0 = Release|Any CPU
		{0E53667F-CDFD-4E23-A08B-AE37071BA396}.Debug|Any CPU.ActiveCfg = Debug|Any CPU
		{0E53667F-CDFD-4E23-A08B-AE37071BA396}.Debug|Any CPU.Build.0 = Debug|Any CPU
		{0E53667F-CDFD-4E23-A08B-AE37071BA396}.Release|Any CPU.ActiveCfg = Release|Any CPU
		{0E53667F-CDFD-4E23-A08B-AE37071BA396}.Release|Any CPU.Build.0 = Release|Any CPU
		{1846A749-6BD5-481D-8B1F-42ABD01D831F}.Debug|Any CPU.ActiveCfg = Debug|Any CPU
		{1846A749-6BD5-481D-8B1F-42ABD01D831F}.Debug|Any CPU.Build.0 = Debug|Any CPU
		{1846A749-6BD5-481D-8B1F-42ABD01D831F}.Release|Any CPU.ActiveCfg = Release|Any CPU
		{1846A749-6BD5-481D-8B1F-42ABD01D831F}.Release|Any CPU.Build.0 = Release|Any CPU
		{7B0D347F-2284-426C-A57D-F0A428A65781}.Debug|Any CPU.ActiveCfg = Debug|Any CPU
		{7B0D347F-2284-426C-A57D-F0A428A65781}.Debug|Any CPU.Build.0 = Debug|Any CPU
		{7B0D347F-2284-426C-A57D-F0A428A65781}.Release|Any CPU.ActiveCfg = Release|Any CPU
		{7B0D347F-2284-426C-A57D-F0A428A65781}.Release|Any CPU.Build.0 = Release|Any CPU
		{8F8BEA83-7633-4EA9-93C6-AD48DBC7709D}.Debug|Any CPU.ActiveCfg = Debug|Any CPU
		{8F8BEA83-7633-4EA9-93C6-AD48DBC7709D}.Debug|Any CPU.Build.0 = Debug|Any CPU
		{8F8BEA83-7633-4EA9-93C6-AD48DBC7709D}.Release|Any CPU.ActiveCfg = Release|Any CPU
		{8F8BEA83-7633-4EA9-93C6-AD48DBC7709D}.Release|Any CPU.Build.0 = Release|Any CPU
		{AAEADB3E-A5E2-4BC8-ABF7-E085A663A9B5}.Debug|Any CPU.ActiveCfg = Debug|Any CPU
		{AAEADB3E-A5E2-4BC8-ABF7-E085A663A9B5}.Debug|Any CPU.Build.0 = Debug|Any CPU
		{AAEADB3E-A5E2-4BC8-ABF7-E085A663A9B5}.Release|Any CPU.ActiveCfg = Release|Any CPU
		{AAEADB3E-A5E2-4BC8-ABF7-E085A663A9B5}.Release|Any CPU.Build.0 = Release|Any CPU
		{624D4506-F291-4D5F-9FF3-D7033B797440}.Debug|Any CPU.ActiveCfg = Debug|Any CPU
		{624D4506-F291-4D5F-9FF3-D7033B797440}.Debug|Any CPU.Build.0 = Debug|Any CPU
		{624D4506-F291-4D5F-9FF3-D7033B797440}.Release|Any CPU.ActiveCfg = Release|Any CPU
		{624D4506-F291-4D5F-9FF3-D7033B797440}.Release|Any CPU.Build.0 = Release|Any CPU
		{E129E5CE-8D9A-458F-A1D4-C63083156090}.Debug|Any CPU.ActiveCfg = Debug|Any CPU
		{E129E5CE-8D9A-458F-A1D4-C63083156090}.Debug|Any CPU.Build.0 = Debug|Any CPU
		{E129E5CE-8D9A-458F-A1D4-C63083156090}.Release|Any CPU.ActiveCfg = Release|Any CPU
		{E129E5CE-8D9A-458F-A1D4-C63083156090}.Release|Any CPU.Build.0 = Release|Any CPU
		{97ED54D0-B786-43F7-948A-9D89A47A5581}.Debug|Any CPU.ActiveCfg = Debug|Any CPU
		{97ED54D0-B786-43F7-948A-9D89A47A5581}.Debug|Any CPU.Build.0 = Debug|Any CPU
		{97ED54D0-B786-43F7-948A-9D89A47A5581}.Release|Any CPU.ActiveCfg = Release|Any CPU
		{97ED54D0-B786-43F7-948A-9D89A47A5581}.Release|Any CPU.Build.0 = Release|Any CPU
		{2361AD25-70F6-4A66-B43F-190CD4ABD027}.Debug|Any CPU.ActiveCfg = Debug|Any CPU
		{2361AD25-70F6-4A66-B43F-190CD4ABD027}.Debug|Any CPU.Build.0 = Debug|Any CPU
		{2361AD25-70F6-4A66-B43F-190CD4ABD027}.Release|Any CPU.ActiveCfg = Release|Any CPU
		{2361AD25-70F6-4A66-B43F-190CD4ABD027}.Release|Any CPU.Build.0 = Release|Any CPU
		{D9815551-9660-497D-8590-CCD9C0462058}.Debug|Any CPU.ActiveCfg = Debug|Any CPU
		{D9815551-9660-497D-8590-CCD9C0462058}.Debug|Any CPU.Build.0 = Debug|Any CPU
		{D9815551-9660-497D-8590-CCD9C0462058}.Release|Any CPU.ActiveCfg = Release|Any CPU
		{D9815551-9660-497D-8590-CCD9C0462058}.Release|Any CPU.Build.0 = Release|Any CPU
	EndGlobalSection
	GlobalSection(SolutionProperties) = preSolution
		HideSolutionNode = FALSE
	EndGlobalSection
	GlobalSection(NestedProjects) = preSolution
		{7AE8BDF1-0789-4742-B756-CF7AC90BD92B} = {8385BF89-9272-4E16-B503-21C5D31268FB}
		{57B5741B-B691-411C-A0E6-28E8837DB5E5} = {8385BF89-9272-4E16-B503-21C5D31268FB}
		{1B00432B-2D72-4222-A000-292C486D8D87} = {8385BF89-9272-4E16-B503-21C5D31268FB}
		{07081C83-ECBF-43C0-961A-DE44E71777B9} = {8385BF89-9272-4E16-B503-21C5D31268FB}
		{B7FF34B7-B235-49F7-A01D-5E108984AF58} = {8385BF89-9272-4E16-B503-21C5D31268FB}
		{CB862C88-E888-4C60-872D-B913F44DACAC} = {2EEAF2C8-3AD5-4E41-8F8E-360B7F2E42B3}
		{28D35D08-02FB-470A-8F48-3B21065050C0} = {859186A4-366C-4A90-930C-5CA2F71B6EA2}
		{5ED1B6A6-B8B4-4A4A-81EF-C4D1158F3F05} = {859186A4-366C-4A90-930C-5CA2F71B6EA2}
		{0A2D765E-7B7D-4003-9FCC-B355D1F8AB8F} = {859186A4-366C-4A90-930C-5CA2F71B6EA2}
		{CA4C9BEF-BCCC-46A6-9DC3-24B6EF095252} = {859186A4-366C-4A90-930C-5CA2F71B6EA2}
		{37E6DC7D-F1C1-4C5E-A211-D733809CE4F9} = {859186A4-366C-4A90-930C-5CA2F71B6EA2}
		{2980B5D8-D6EA-4AB3-A021-5716D7548259} = {91B900B5-1FD7-4AE7-8FE5-7AE2A7FDB6DE}
		{1602D388-F026-4921-93E7-726AD3466D7F} = {91B900B5-1FD7-4AE7-8FE5-7AE2A7FDB6DE}
		{2383B033-F00C-46D6-807B-9B498929312D} = {91B900B5-1FD7-4AE7-8FE5-7AE2A7FDB6DE}
		{E85B7692-0173-406C-976B-C1EDF7B8B666} = {91B900B5-1FD7-4AE7-8FE5-7AE2A7FDB6DE}
		{4F3903BF-B6BD-491D-AB03-BBFD52F0264F} = {05CE1AEF-7CDE-425E-B645-5F6158459A3A}
		{CB008953-D6A7-41AF-B485-622DCEF0D9F7} = {05CE1AEF-7CDE-425E-B645-5F6158459A3A}
		{D04E5D93-776E-4A86-B967-40D24AB6D0B1} = {05CE1AEF-7CDE-425E-B645-5F6158459A3A}
		{8B69A9D7-7349-41DC-B0A7-F37F8C4F29C0} = {05CE1AEF-7CDE-425E-B645-5F6158459A3A}
		{EE8F5896-5103-4088-87CE-279FA064BB56} = {8787B46A-6DD9-4D6E-A41B-F3FC703560DE}
		{CF9EAC8E-DE64-42A9-BF9C-BD3AD7FA8704} = {8787B46A-6DD9-4D6E-A41B-F3FC703560DE}
		{E9FBF583-02C2-4C69-B210-851E8BCD6BD4} = {8787B46A-6DD9-4D6E-A41B-F3FC703560DE}
		{DA27BE5F-B33B-4F77-A7D5-892D57775D1A} = {8787B46A-6DD9-4D6E-A41B-F3FC703560DE}
		{0E53667F-CDFD-4E23-A08B-AE37071BA396} = {8787B46A-6DD9-4D6E-A41B-F3FC703560DE}
		{1846A749-6BD5-481D-8B1F-42ABD01D831F} = {A0C7BB96-7135-47E6-8D52-8CC3E41C380E}
		{7B0D347F-2284-426C-A57D-F0A428A65781} = {A0C7BB96-7135-47E6-8D52-8CC3E41C380E}
		{8F8BEA83-7633-4EA9-93C6-AD48DBC7709D} = {A0C7BB96-7135-47E6-8D52-8CC3E41C380E}
		{AAEADB3E-A5E2-4BC8-ABF7-E085A663A9B5} = {A0C7BB96-7135-47E6-8D52-8CC3E41C380E}
		{624D4506-F291-4D5F-9FF3-D7033B797440} = {AAE8DB71-8190-47A3-86B9-57DAB4622774}
		{E129E5CE-8D9A-458F-A1D4-C63083156090} = {AAE8DB71-8190-47A3-86B9-57DAB4622774}
		{97ED54D0-B786-43F7-948A-9D89A47A5581} = {AAE8DB71-8190-47A3-86B9-57DAB4622774}
		{2361AD25-70F6-4A66-B43F-190CD4ABD027} = {AAE8DB71-8190-47A3-86B9-57DAB4622774}
		{D9815551-9660-497D-8590-CCD9C0462058} = {AAE8DB71-8190-47A3-86B9-57DAB4622774}
	EndGlobalSection
EndGlobal
