
Microsoft Visual Studio Solution File, Format Version 12.00
# Visual Studio 2013
VisualStudioVersion = 12.0.30501.0
MinimumVisualStudioVersion = 10.0.40219.1
Project("{2150E333-8FDC-42A3-9474-1A3956D46DE8}") = "Chap1", "Chap1", "{A310EAF5-4C3D-4F24-8315-2F4B063426D8}"
EndProject
Project("{FAE04EC0-301F-11D3-BF4B-00C04F79EFBC}") = "Service.Interface", "Chap1\Service.Interface\Service.Interface.csproj", "{07081C83-ECBF-43C0-961A-DE44E71777B9}"
EndProject
Project("{FAE04EC0-301F-11D3-BF4B-00C04F79EFBC}") = "Hosting", "Chap1\Hosting\Hosting.csproj", "{57B5741B-B691-411C-A0E6-28E8837DB5E5}"
EndProject
Project("{FAE04EC0-301F-11D3-BF4B-00C04F79EFBC}") = "Client", "Chap1\Client\Client.csproj", "{7AE8BDF1-0789-4742-B756-CF7AC90BD92B}"
EndProject
Project("{FAE04EC0-301F-11D3-BF4B-00C04F79EFBC}") = "Service", "Chap1\Service\Service.csproj", "{1B00432B-2D72-4222-A000-292C486D8D87}"
EndProject
Project("{FAE04EC0-301F-11D3-BF4B-00C04F79EFBC}") = "WebHosting", "Chap1\WebHosting\WebHosting.csproj", "{B7FF34B7-B235-49F7-A01D-5E108984AF58}"
EndProject
Project("{2150E333-8FDC-42A3-9474-1A3956D46DE8}") = "Chap2", "Chap2", "{8C4064C2-5BCD-4D0A-B610-3C78C69D5029}"
EndProject
Project("{FAE04EC0-301F-11D3-BF4B-00C04F79EFBC}") = "Client", "Chap2\Client\Client.csproj", "{20498C56-D0B1-4E81-A785-FC6E2A801424}"
EndProject
Project("{FAE04EC0-301F-11D3-BF4B-00C04F79EFBC}") = "Hosting", "Chap2\Hosting\Hosting.csproj", "{A317A465-655D-484B-906D-773DAF21ECEB}"
EndProject
Project("{FAE04EC0-301F-11D3-BF4B-00C04F79EFBC}") = "Service", "Chap2\Service\Service.csproj", "{7899F189-C5EA-44E2-82EF-C5B2B880FE59}"
EndProject
Project("{FAE04EC0-301F-11D3-BF4B-00C04F79EFBC}") = "Service.Interface", "Chap2\Service.Interface\Service.Interface.csproj", "{D82C4A5F-3CC9-4014-9090-BA7565CBD456}"
EndProject
Project("{2150E333-8FDC-42A3-9474-1A3956D46DE8}") = "Chap3", "Chap3", "{813E189A-E7B1-4DA5-B3C6-999163EB97FD}"
EndProject
Project("{FAE04EC0-301F-11D3-BF4B-00C04F79EFBC}") = "Receiver", "Chap3\Receiver\Receiver.csproj", "{B0FCF4A4-C102-44BD-8C59-F99DAECCBF83}"
EndProject
Project("{FAE04EC0-301F-11D3-BF4B-00C04F79EFBC}") = "Sender", "Chap3\Sender\Sender.csproj", "{AB83D2AE-1FCE-4620-A2FD-BB69F521C8E2}"
EndProject
Project("{FAE04EC0-301F-11D3-BF4B-00C04F79EFBC}") = "Client", "Chap3\Client\Client.csproj", "{DC833778-A4C0-491A-BF87-5B1738A6E4FE}"
EndProject
Project("{FAE04EC0-301F-11D3-BF4B-00C04F79EFBC}") = "Hosting", "Chap3\Hosting\Hosting.csproj", "{53D13FBD-6128-4AEF-A09D-C28890F41E13}"
EndProject
Project("{FAE04EC0-301F-11D3-BF4B-00C04F79EFBC}") = "Service", "Chap3\Service\Service.csproj", "{A89934FD-6B8C-4672-8C8D-D7B9D67F537A}"
EndProject
Project("{FAE04EC0-301F-11D3-BF4B-00C04F79EFBC}") = "Service.Interface", "Chap3\Service.Interface\Service.Interface.csproj", "{698C92C7-A74B-43A0-9E03-E7B96F13E030}"
EndProject
Project("{2150E333-8FDC-42A3-9474-1A3956D46DE8}") = "Chap4", "Chap4", "{31369C60-FCDF-434C-9B9A-DE5C1782769C}"
EndProject
Project("{FAE04EC0-301F-11D3-BF4B-00C04F79EFBC}") = "Client", "Chap4\Client\Client.csproj", "{C4AE58CE-A317-4352-8D6D-283DDF6E320B}"
EndProject
Project("{FAE04EC0-301F-11D3-BF4B-00C04F79EFBC}") = "Hosting", "Chap4\Hosting\Hosting.csproj", "{6C854098-A63E-462A-99A5-44D8B5E2D452}"
EndProject
Project("{FAE04EC0-301F-11D3-BF4B-00C04F79EFBC}") = "Service", "Chap4\Service\Service.csproj", "{2D5BD2EA-F538-4D29-B9B5-F72CBDB76DAA}"
EndProject
Project("{FAE04EC0-301F-11D3-BF4B-00C04F79EFBC}") = "Service.Interface", "Chap4\Service.Interface\Service.Interface.csproj", "{E8B49174-FB95-44AE-86F4-6EA36605C867}"
EndProject
Project("{2150E333-8FDC-42A3-9474-1A3956D46DE8}") = "Chap5", "Chap5", "{11E43076-3241-40C8-A68B-3C39CA7708E2}"
EndProject
Project("{2150E333-8FDC-42A3-9474-1A3956D46DE8}") = "Chap6", "Chap6", "{DB949939-51CA-4B3C-997C-0E3A4335B691}"
EndProject
Project("{FAE04EC0-301F-11D3-BF4B-00C04F79EFBC}") = "CustomChannel", "Chap3\CustomChannel\CustomChannel.csproj", "{B805B3FC-1A8B-43E2-8D50-53D079F4E601}"
EndProject
Project("{FAE04EC0-301F-11D3-BF4B-00C04F79EFBC}") = "CustomFormater", "Chap5\CustomFormater\CustomFormater.csproj", "{163AC959-5DCE-4A97-B976-D72A941D9E3F}"
EndProject
Project("{FAE04EC0-301F-11D3-BF4B-00C04F79EFBC}") = "Client", "Chap6\Client\Client.csproj", "{C2E25201-027F-4990-8832-B3AF00DC2B22}"
EndProject
Project("{FAE04EC0-301F-11D3-BF4B-00C04F79EFBC}") = "Hosting", "Chap6\Hosting\Hosting.csproj", "{B4B65921-0854-4034-A85C-0A37C280CF82}"
EndProject
Project("{FAE04EC0-301F-11D3-BF4B-00C04F79EFBC}") = "Service", "Chap6\Service\Service.csproj", "{757FD0F0-1297-432D-B44D-D3793BC2581D}"
EndProject
Project("{FAE04EC0-301F-11D3-BF4B-00C04F79EFBC}") = "Service.Interface", "Chap6\Service.Interface\Service.Interface.csproj", "{6224D8C3-9777-4F01-850E-1424908B635E}"
EndProject
Project("{FAE04EC0-301F-11D3-BF4B-00C04F79EFBC}") = "Model", "Chap6\Model\Model.csproj", "{AA0D03BA-4E90-4BE9-98E2-2C410D469807}"
EndProject
Project("{FAE04EC0-301F-11D3-BF4B-00C04F79EFBC}") = "CustomEncoding", "Chap6\CustomEncoding\CustomEncoding.csproj", "{F3E6D854-BA1F-4B59-B4FF-A364A48FEDCE}"
EndProject
Project("{2150E333-8FDC-42A3-9474-1A3956D46DE8}") = "Chap8", "Chap8", "{D80437EE-722E-4270-99FC-C346E242E2D7}"
EndProject
Project("{2150E333-8FDC-42A3-9474-1A3956D46DE8}") = "Chap10", "Chap10", "{FD1C8815-8C64-4FC9-BA40-60D3BC15D35F}"
EndProject
Project("{FAE04EC0-301F-11D3-BF4B-00C04F79EFBC}") = "Service.Interface", "Chap10\Service.Interface\Service.Interface.csproj", "{F69C4059-1EF5-44DC-99BA-ED6B7FD5AF15}"
EndProject
Project("{FAE04EC0-301F-11D3-BF4B-00C04F79EFBC}") = "Service", "Chap10\Service\Service.csproj", "{A36BEC82-A19B-4081-A3D7-BDC00EFDC30F}"
EndProject
Project("{FAE04EC0-301F-11D3-BF4B-00C04F79EFBC}") = "Service.Interface", "Chap8\Service.Interface\Service.Interface.csproj", "{9A529BD4-219D-40EA-9BAC-57510394E182}"
EndProject
Project("{FAE04EC0-301F-11D3-BF4B-00C04F79EFBC}") = "AutoCloser", "Chap8\AutoCloser\AutoCloser.csproj", "{6B84F065-0FD3-4A5F-B82C-FD460E281F50}"
EndProject
Project("{FAE04EC0-301F-11D3-BF4B-00C04F79EFBC}") = "Client", "Chap8\Client\Client.csproj", "{BEF2BA24-6E6C-4BFC-A28E-926B1652441A}"
EndProject
Project("{FAE04EC0-301F-11D3-BF4B-00C04F79EFBC}") = "Service", "Chap8\Service\Service.csproj", "{ADAD71D2-6F0A-4EE8-895A-EC02A9628FE8}"
EndProject
Global
	GlobalSection(SolutionConfigurationPlatforms) = preSolution
		Debug|Any CPU = Debug|Any CPU
		Release|Any CPU = Release|Any CPU
	EndGlobalSection
	GlobalSection(ProjectConfigurationPlatforms) = postSolution
		{07081C83-ECBF-43C0-961A-DE44E71777B9}.Debug|Any CPU.ActiveCfg = Debug|Any CPU
		{07081C83-ECBF-43C0-961A-DE44E71777B9}.Debug|Any CPU.Build.0 = Debug|Any CPU
		{07081C83-ECBF-43C0-961A-DE44E71777B9}.Release|Any CPU.ActiveCfg = Release|Any CPU
		{07081C83-ECBF-43C0-961A-DE44E71777B9}.Release|Any CPU.Build.0 = Release|Any CPU
		{57B5741B-B691-411C-A0E6-28E8837DB5E5}.Debug|Any CPU.ActiveCfg = Debug|Any CPU
		{57B5741B-B691-411C-A0E6-28E8837DB5E5}.Debug|Any CPU.Build.0 = Debug|Any CPU
		{57B5741B-B691-411C-A0E6-28E8837DB5E5}.Release|Any CPU.ActiveCfg = Release|Any CPU
		{57B5741B-B691-411C-A0E6-28E8837DB5E5}.Release|Any CPU.Build.0 = Release|Any CPU
		{7AE8BDF1-0789-4742-B756-CF7AC90BD92B}.Debug|Any CPU.ActiveCfg = Debug|Any CPU
		{7AE8BDF1-0789-4742-B756-CF7AC90BD92B}.Debug|Any CPU.Build.0 = Debug|Any CPU
		{7AE8BDF1-0789-4742-B756-CF7AC90BD92B}.Release|Any CPU.ActiveCfg = Release|Any CPU
		{7AE8BDF1-0789-4742-B756-CF7AC90BD92B}.Release|Any CPU.Build.0 = Release|Any CPU
		{1B00432B-2D72-4222-A000-292C486D8D87}.Debug|Any CPU.ActiveCfg = Debug|Any CPU
		{1B00432B-2D72-4222-A000-292C486D8D87}.Debug|Any CPU.Build.0 = Debug|Any CPU
		{1B00432B-2D72-4222-A000-292C486D8D87}.Release|Any CPU.ActiveCfg = Release|Any CPU
		{1B00432B-2D72-4222-A000-292C486D8D87}.Release|Any CPU.Build.0 = Release|Any CPU
		{B7FF34B7-B235-49F7-A01D-5E108984AF58}.Debug|Any CPU.ActiveCfg = Debug|Any CPU
		{B7FF34B7-B235-49F7-A01D-5E108984AF58}.Debug|Any CPU.Build.0 = Debug|Any CPU
		{B7FF34B7-B235-49F7-A01D-5E108984AF58}.Release|Any CPU.ActiveCfg = Release|Any CPU
		{B7FF34B7-B235-49F7-A01D-5E108984AF58}.Release|Any CPU.Build.0 = Release|Any CPU
		{20498C56-D0B1-4E81-A785-FC6E2A801424}.Debug|Any CPU.ActiveCfg = Debug|Any CPU
		{20498C56-D0B1-4E81-A785-FC6E2A801424}.Debug|Any CPU.Build.0 = Debug|Any CPU
		{20498C56-D0B1-4E81-A785-FC6E2A801424}.Release|Any CPU.ActiveCfg = Release|Any CPU
		{20498C56-D0B1-4E81-A785-FC6E2A801424}.Release|Any CPU.Build.0 = Release|Any CPU
		{A317A465-655D-484B-906D-773DAF21ECEB}.Debug|Any CPU.ActiveCfg = Debug|Any CPU
		{A317A465-655D-484B-906D-773DAF21ECEB}.Debug|Any CPU.Build.0 = Debug|Any CPU
		{A317A465-655D-484B-906D-773DAF21ECEB}.Release|Any CPU.ActiveCfg = Release|Any CPU
		{A317A465-655D-484B-906D-773DAF21ECEB}.Release|Any CPU.Build.0 = Release|Any CPU
		{7899F189-C5EA-44E2-82EF-C5B2B880FE59}.Debug|Any CPU.ActiveCfg = Debug|Any CPU
		{7899F189-C5EA-44E2-82EF-C5B2B880FE59}.Debug|Any CPU.Build.0 = Debug|Any CPU
		{7899F189-C5EA-44E2-82EF-C5B2B880FE59}.Release|Any CPU.ActiveCfg = Release|Any CPU
		{7899F189-C5EA-44E2-82EF-C5B2B880FE59}.Release|Any CPU.Build.0 = Release|Any CPU
		{D82C4A5F-3CC9-4014-9090-BA7565CBD456}.Debug|Any CPU.ActiveCfg = Debug|Any CPU
		{D82C4A5F-3CC9-4014-9090-BA7565CBD456}.Debug|Any CPU.Build.0 = Debug|Any CPU
		{D82C4A5F-3CC9-4014-9090-BA7565CBD456}.Release|Any CPU.ActiveCfg = Release|Any CPU
		{D82C4A5F-3CC9-4014-9090-BA7565CBD456}.Release|Any CPU.Build.0 = Release|Any CPU
		{B0FCF4A4-C102-44BD-8C59-F99DAECCBF83}.Debug|Any CPU.ActiveCfg = Debug|Any CPU
		{B0FCF4A4-C102-44BD-8C59-F99DAECCBF83}.Debug|Any CPU.Build.0 = Debug|Any CPU
		{B0FCF4A4-C102-44BD-8C59-F99DAECCBF83}.Release|Any CPU.ActiveCfg = Release|Any CPU
		{B0FCF4A4-C102-44BD-8C59-F99DAECCBF83}.Release|Any CPU.Build.0 = Release|Any CPU
		{AB83D2AE-1FCE-4620-A2FD-BB69F521C8E2}.Debug|Any CPU.ActiveCfg = Debug|Any CPU
		{AB83D2AE-1FCE-4620-A2FD-BB69F521C8E2}.Debug|Any CPU.Build.0 = Debug|Any CPU
		{AB83D2AE-1FCE-4620-A2FD-BB69F521C8E2}.Release|Any CPU.ActiveCfg = Release|Any CPU
		{AB83D2AE-1FCE-4620-A2FD-BB69F521C8E2}.Release|Any CPU.Build.0 = Release|Any CPU
		{DC833778-A4C0-491A-BF87-5B1738A6E4FE}.Debug|Any CPU.ActiveCfg = Debug|Any CPU
		{DC833778-A4C0-491A-BF87-5B1738A6E4FE}.Debug|Any CPU.Build.0 = Debug|Any CPU
		{DC833778-A4C0-491A-BF87-5B1738A6E4FE}.Release|Any CPU.ActiveCfg = Release|Any CPU
		{DC833778-A4C0-491A-BF87-5B1738A6E4FE}.Release|Any CPU.Build.0 = Release|Any CPU
		{53D13FBD-6128-4AEF-A09D-C28890F41E13}.Debug|Any CPU.ActiveCfg = Debug|Any CPU
		{53D13FBD-6128-4AEF-A09D-C28890F41E13}.Debug|Any CPU.Build.0 = Debug|Any CPU
		{53D13FBD-6128-4AEF-A09D-C28890F41E13}.Release|Any CPU.ActiveCfg = Release|Any CPU
		{53D13FBD-6128-4AEF-A09D-C28890F41E13}.Release|Any CPU.Build.0 = Release|Any CPU
		{A89934FD-6B8C-4672-8C8D-D7B9D67F537A}.Debug|Any CPU.ActiveCfg = Debug|Any CPU
		{A89934FD-6B8C-4672-8C8D-D7B9D67F537A}.Debug|Any CPU.Build.0 = Debug|Any CPU
		{A89934FD-6B8C-4672-8C8D-D7B9D67F537A}.Release|Any CPU.ActiveCfg = Release|Any CPU
		{A89934FD-6B8C-4672-8C8D-D7B9D67F537A}.Release|Any CPU.Build.0 = Release|Any CPU
		{698C92C7-A74B-43A0-9E03-E7B96F13E030}.Debug|Any CPU.ActiveCfg = Debug|Any CPU
		{698C92C7-A74B-43A0-9E03-E7B96F13E030}.Debug|Any CPU.Build.0 = Debug|Any CPU
		{698C92C7-A74B-43A0-9E03-E7B96F13E030}.Release|Any CPU.ActiveCfg = Release|Any CPU
		{698C92C7-A74B-43A0-9E03-E7B96F13E030}.Release|Any CPU.Build.0 = Release|Any CPU
		{C4AE58CE-A317-4352-8D6D-283DDF6E320B}.Debug|Any CPU.ActiveCfg = Debug|Any CPU
		{C4AE58CE-A317-4352-8D6D-283DDF6E320B}.Debug|Any CPU.Build.0 = Debug|Any CPU
		{C4AE58CE-A317-4352-8D6D-283DDF6E320B}.Release|Any CPU.ActiveCfg = Release|Any CPU
		{C4AE58CE-A317-4352-8D6D-283DDF6E320B}.Release|Any CPU.Build.0 = Release|Any CPU
		{6C854098-A63E-462A-99A5-44D8B5E2D452}.Debug|Any CPU.ActiveCfg = Debug|Any CPU
		{6C854098-A63E-462A-99A5-44D8B5E2D452}.Debug|Any CPU.Build.0 = Debug|Any CPU
		{6C854098-A63E-462A-99A5-44D8B5E2D452}.Release|Any CPU.ActiveCfg = Release|Any CPU
		{6C854098-A63E-462A-99A5-44D8B5E2D452}.Release|Any CPU.Build.0 = Release|Any CPU
		{2D5BD2EA-F538-4D29-B9B5-F72CBDB76DAA}.Debug|Any CPU.ActiveCfg = Debug|Any CPU
		{2D5BD2EA-F538-4D29-B9B5-F72CBDB76DAA}.Debug|Any CPU.Build.0 = Debug|Any CPU
		{2D5BD2EA-F538-4D29-B9B5-F72CBDB76DAA}.Release|Any CPU.ActiveCfg = Release|Any CPU
		{2D5BD2EA-F538-4D29-B9B5-F72CBDB76DAA}.Release|Any CPU.Build.0 = Release|Any CPU
		{E8B49174-FB95-44AE-86F4-6EA36605C867}.Debug|Any CPU.ActiveCfg = Debug|Any CPU
		{E8B49174-FB95-44AE-86F4-6EA36605C867}.Debug|Any CPU.Build.0 = Debug|Any CPU
		{E8B49174-FB95-44AE-86F4-6EA36605C867}.Release|Any CPU.ActiveCfg = Release|Any CPU
		{E8B49174-FB95-44AE-86F4-6EA36605C867}.Release|Any CPU.Build.0 = Release|Any CPU
		{B805B3FC-1A8B-43E2-8D50-53D079F4E601}.Debug|Any CPU.ActiveCfg = Debug|Any CPU
		{B805B3FC-1A8B-43E2-8D50-53D079F4E601}.Debug|Any CPU.Build.0 = Debug|Any CPU
		{B805B3FC-1A8B-43E2-8D50-53D079F4E601}.Release|Any CPU.ActiveCfg = Release|Any CPU
		{B805B3FC-1A8B-43E2-8D50-53D079F4E601}.Release|Any CPU.Build.0 = Release|Any CPU
		{163AC959-5DCE-4A97-B976-D72A941D9E3F}.Debug|Any CPU.ActiveCfg = Debug|Any CPU
		{163AC959-5DCE-4A97-B976-D72A941D9E3F}.Debug|Any CPU.Build.0 = Debug|Any CPU
		{163AC959-5DCE-4A97-B976-D72A941D9E3F}.Release|Any CPU.ActiveCfg = Release|Any CPU
		{163AC959-5DCE-4A97-B976-D72A941D9E3F}.Release|Any CPU.Build.0 = Release|Any CPU
		{C2E25201-027F-4990-8832-B3AF00DC2B22}.Debug|Any CPU.ActiveCfg = Debug|Any CPU
		{C2E25201-027F-4990-8832-B3AF00DC2B22}.Debug|Any CPU.Build.0 = Debug|Any CPU
		{C2E25201-027F-4990-8832-B3AF00DC2B22}.Release|Any CPU.ActiveCfg = Release|Any CPU
		{C2E25201-027F-4990-8832-B3AF00DC2B22}.Release|Any CPU.Build.0 = Release|Any CPU
		{B4B65921-0854-4034-A85C-0A37C280CF82}.Debug|Any CPU.ActiveCfg = Debug|Any CPU
		{B4B65921-0854-4034-A85C-0A37C280CF82}.Debug|Any CPU.Build.0 = Debug|Any CPU
		{B4B65921-0854-4034-A85C-0A37C280CF82}.Release|Any CPU.ActiveCfg = Release|Any CPU
		{B4B65921-0854-4034-A85C-0A37C280CF82}.Release|Any CPU.Build.0 = Release|Any CPU
		{757FD0F0-1297-432D-B44D-D3793BC2581D}.Debug|Any CPU.ActiveCfg = Debug|Any CPU
		{757FD0F0-1297-432D-B44D-D3793BC2581D}.Debug|Any CPU.Build.0 = Debug|Any CPU
		{757FD0F0-1297-432D-B44D-D3793BC2581D}.Release|Any CPU.ActiveCfg = Release|Any CPU
		{757FD0F0-1297-432D-B44D-D3793BC2581D}.Release|Any CPU.Build.0 = Release|Any CPU
		{6224D8C3-9777-4F01-850E-1424908B635E}.Debug|Any CPU.ActiveCfg = Debug|Any CPU
		{6224D8C3-9777-4F01-850E-1424908B635E}.Debug|Any CPU.Build.0 = Debug|Any CPU
		{6224D8C3-9777-4F01-850E-1424908B635E}.Release|Any CPU.ActiveCfg = Release|Any CPU
		{6224D8C3-9777-4F01-850E-1424908B635E}.Release|Any CPU.Build.0 = Release|Any CPU
		{AA0D03BA-4E90-4BE9-98E2-2C410D469807}.Debug|Any CPU.ActiveCfg = Debug|Any CPU
		{AA0D03BA-4E90-4BE9-98E2-2C410D469807}.Debug|Any CPU.Build.0 = Debug|Any CPU
		{AA0D03BA-4E90-4BE9-98E2-2C410D469807}.Release|Any CPU.ActiveCfg = Release|Any CPU
		{AA0D03BA-4E90-4BE9-98E2-2C410D469807}.Release|Any CPU.Build.0 = Release|Any CPU
		{F3E6D854-BA1F-4B59-B4FF-A364A48FEDCE}.Debug|Any CPU.ActiveCfg = Debug|Any CPU
		{F3E6D854-BA1F-4B59-B4FF-A364A48FEDCE}.Debug|Any CPU.Build.0 = Debug|Any CPU
		{F3E6D854-BA1F-4B59-B4FF-A364A48FEDCE}.Release|Any CPU.ActiveCfg = Release|Any CPU
		{F3E6D854-BA1F-4B59-B4FF-A364A48FEDCE}.Release|Any CPU.Build.0 = Release|Any CPU
		{F69C4059-1EF5-44DC-99BA-ED6B7FD5AF15}.Debug|Any CPU.ActiveCfg = Debug|Any CPU
		{F69C4059-1EF5-44DC-99BA-ED6B7FD5AF15}.Debug|Any CPU.Build.0 = Debug|Any CPU
		{F69C4059-1EF5-44DC-99BA-ED6B7FD5AF15}.Release|Any CPU.ActiveCfg = Release|Any CPU
		{F69C4059-1EF5-44DC-99BA-ED6B7FD5AF15}.Release|Any CPU.Build.0 = Release|Any CPU
		{A36BEC82-A19B-4081-A3D7-BDC00EFDC30F}.Debug|Any CPU.ActiveCfg = Debug|Any CPU
		{A36BEC82-A19B-4081-A3D7-BDC00EFDC30F}.Debug|Any CPU.Build.0 = Debug|Any CPU
		{A36BEC82-A19B-4081-A3D7-BDC00EFDC30F}.Release|Any CPU.ActiveCfg = Release|Any CPU
		{A36BEC82-A19B-4081-A3D7-BDC00EFDC30F}.Release|Any CPU.Build.0 = Release|Any CPU
		{9A529BD4-219D-40EA-9BAC-57510394E182}.Debug|Any CPU.ActiveCfg = Debug|Any CPU
		{9A529BD4-219D-40EA-9BAC-57510394E182}.Debug|Any CPU.Build.0 = Debug|Any CPU
		{9A529BD4-219D-40EA-9BAC-57510394E182}.Release|Any CPU.ActiveCfg = Release|Any CPU
		{9A529BD4-219D-40EA-9BAC-57510394E182}.Release|Any CPU.Build.0 = Release|Any CPU
		{6B84F065-0FD3-4A5F-B82C-FD460E281F50}.Debug|Any CPU.ActiveCfg = Debug|Any CPU
		{6B84F065-0FD3-4A5F-B82C-FD460E281F50}.Debug|Any CPU.Build.0 = Debug|Any CPU
		{6B84F065-0FD3-4A5F-B82C-FD460E281F50}.Release|Any CPU.ActiveCfg = Release|Any CPU
		{6B84F065-0FD3-4A5F-B82C-FD460E281F50}.Release|Any CPU.Build.0 = Release|Any CPU
		{BEF2BA24-6E6C-4BFC-A28E-926B1652441A}.Debug|Any CPU.ActiveCfg = Debug|Any CPU
		{BEF2BA24-6E6C-4BFC-A28E-926B1652441A}.Debug|Any CPU.Build.0 = Debug|Any CPU
		{BEF2BA24-6E6C-4BFC-A28E-926B1652441A}.Release|Any CPU.ActiveCfg = Release|Any CPU
		{BEF2BA24-6E6C-4BFC-A28E-926B1652441A}.Release|Any CPU.Build.0 = Release|Any CPU
		{ADAD71D2-6F0A-4EE8-895A-EC02A9628FE8}.Debug|Any CPU.ActiveCfg = Debug|Any CPU
		{ADAD71D2-6F0A-4EE8-895A-EC02A9628FE8}.Debug|Any CPU.Build.0 = Debug|Any CPU
		{ADAD71D2-6F0A-4EE8-895A-EC02A9628FE8}.Release|Any CPU.ActiveCfg = Release|Any CPU
		{ADAD71D2-6F0A-4EE8-895A-EC02A9628FE8}.Release|Any CPU.Build.0 = Release|Any CPU
	EndGlobalSection
	GlobalSection(SolutionProperties) = preSolution
		HideSolutionNode = FALSE
	EndGlobalSection
	GlobalSection(NestedProjects) = preSolution
		{07081C83-ECBF-43C0-961A-DE44E71777B9} = {A310EAF5-4C3D-4F24-8315-2F4B063426D8}
		{57B5741B-B691-411C-A0E6-28E8837DB5E5} = {A310EAF5-4C3D-4F24-8315-2F4B063426D8}
		{7AE8BDF1-0789-4742-B756-CF7AC90BD92B} = {A310EAF5-4C3D-4F24-8315-2F4B063426D8}
		{1B00432B-2D72-4222-A000-292C486D8D87} = {A310EAF5-4C3D-4F24-8315-2F4B063426D8}
		{B7FF34B7-B235-49F7-A01D-5E108984AF58} = {A310EAF5-4C3D-4F24-8315-2F4B063426D8}
		{20498C56-D0B1-4E81-A785-FC6E2A801424} = {8C4064C2-5BCD-4D0A-B610-3C78C69D5029}
		{A317A465-655D-484B-906D-773DAF21ECEB} = {8C4064C2-5BCD-4D0A-B610-3C78C69D5029}
		{7899F189-C5EA-44E2-82EF-C5B2B880FE59} = {8C4064C2-5BCD-4D0A-B610-3C78C69D5029}
		{D82C4A5F-3CC9-4014-9090-BA7565CBD456} = {8C4064C2-5BCD-4D0A-B610-3C78C69D5029}
		{B0FCF4A4-C102-44BD-8C59-F99DAECCBF83} = {813E189A-E7B1-4DA5-B3C6-999163EB97FD}
		{AB83D2AE-1FCE-4620-A2FD-BB69F521C8E2} = {813E189A-E7B1-4DA5-B3C6-999163EB97FD}
		{DC833778-A4C0-491A-BF87-5B1738A6E4FE} = {813E189A-E7B1-4DA5-B3C6-999163EB97FD}
		{53D13FBD-6128-4AEF-A09D-C28890F41E13} = {813E189A-E7B1-4DA5-B3C6-999163EB97FD}
		{A89934FD-6B8C-4672-8C8D-D7B9D67F537A} = {813E189A-E7B1-4DA5-B3C6-999163EB97FD}
		{698C92C7-A74B-43A0-9E03-E7B96F13E030} = {813E189A-E7B1-4DA5-B3C6-999163EB97FD}
		{C4AE58CE-A317-4352-8D6D-283DDF6E320B} = {31369C60-FCDF-434C-9B9A-DE5C1782769C}
		{6C854098-A63E-462A-99A5-44D8B5E2D452} = {31369C60-FCDF-434C-9B9A-DE5C1782769C}
		{2D5BD2EA-F538-4D29-B9B5-F72CBDB76DAA} = {31369C60-FCDF-434C-9B9A-DE5C1782769C}
		{E8B49174-FB95-44AE-86F4-6EA36605C867} = {31369C60-FCDF-434C-9B9A-DE5C1782769C}
		{B805B3FC-1A8B-43E2-8D50-53D079F4E601} = {813E189A-E7B1-4DA5-B3C6-999163EB97FD}
		{163AC959-5DCE-4A97-B976-D72A941D9E3F} = {11E43076-3241-40C8-A68B-3C39CA7708E2}
		{C2E25201-027F-4990-8832-B3AF00DC2B22} = {DB949939-51CA-4B3C-997C-0E3A4335B691}
		{B4B65921-0854-4034-A85C-0A37C280CF82} = {DB949939-51CA-4B3C-997C-0E3A4335B691}
		{757FD0F0-1297-432D-B44D-D3793BC2581D} = {DB949939-51CA-4B3C-997C-0E3A4335B691}
		{6224D8C3-9777-4F01-850E-1424908B635E} = {DB949939-51CA-4B3C-997C-0E3A4335B691}
		{AA0D03BA-4E90-4BE9-98E2-2C410D469807} = {DB949939-51CA-4B3C-997C-0E3A4335B691}
		{F3E6D854-BA1F-4B59-B4FF-A364A48FEDCE} = {DB949939-51CA-4B3C-997C-0E3A4335B691}
		{F69C4059-1EF5-44DC-99BA-ED6B7FD5AF15} = {FD1C8815-8C64-4FC9-BA40-60D3BC15D35F}
		{A36BEC82-A19B-4081-A3D7-BDC00EFDC30F} = {FD1C8815-8C64-4FC9-BA40-60D3BC15D35F}
		{9A529BD4-219D-40EA-9BAC-57510394E182} = {D80437EE-722E-4270-99FC-C346E242E2D7}
		{6B84F065-0FD3-4A5F-B82C-FD460E281F50} = {D80437EE-722E-4270-99FC-C346E242E2D7}
		{BEF2BA24-6E6C-4BFC-A28E-926B1652441A} = {D80437EE-722E-4270-99FC-C346E242E2D7}
		{ADAD71D2-6F0A-4EE8-895A-EC02A9628FE8} = {D80437EE-722E-4270-99FC-C346E242E2D7}
	EndGlobalSection
EndGlobal
