
Microsoft Visual Studio Solution File, Format Version 12.00
# Visual Studio 2013
VisualStudioVersion = 12.0.31101.0
MinimumVisualStudioVersion = 10.0.40219.1
Project("{FAE04EC0-301F-11D3-BF4B-00C04F79EFBC}") = "ConsoleHelloWorldService", "ConsoleHelloWorldService\ConsoleHelloWorldService.csproj", "{BE4BEC3D-FBF4-4F2D-9CEA-094C4DDC7213}"
EndProject
Project("{FAE04EC0-301F-11D3-BF4B-00C04F79EFBC}") = "ConsoleHelloWorldClient", "ConsoleHelloWorldClient\ConsoleHelloWorldClient.csproj", "{1855EA33-022F-45FF-A0D9-F8B64AAD24F9}"
EndProject
Project("{FAE04EC0-301F-11D3-BF4B-00C04F79EFBC}") = "ContractMetadata", "ContractMetadata\ContractMetadata.csproj", "{14E3379B-3E3B-4DD3-B543-18B2E6019D17}"
EndProject
Project("{FAE04EC0-301F-11D3-BF4B-00C04F79EFBC}") = "RestaurantService", "RestaurantService\RestaurantService.csproj", "{E5B4FFD3-67C2-470C-9C49-D38AF1B3C12D}"
EndProject
Project("{FAE04EC0-301F-11D3-BF4B-00C04F79EFBC}") = "RestaurantClient", "RestaurantClient\RestaurantClient.csproj", "{82BE670F-C180-4794-BBFE-489015BFAA2F}"
EndProject
Project("{FAE04EC0-301F-11D3-BF4B-00C04F79EFBC}") = "WebHelloWorldService", "WebHelloWorldService\WebHelloWorldService.csproj", "{D663A4E6-92DE-4CB6-AE45-F88E7F3262B5}"
EndProject
Global
	GlobalSection(SolutionConfigurationPlatforms) = preSolution
		Debug|Any CPU = Debug|Any CPU
		Release|Any CPU = Release|Any CPU
	EndGlobalSection
	GlobalSection(ProjectConfigurationPlatforms) = postSolution
		{BE4BEC3D-FBF4-4F2D-9CEA-094C4DDC7213}.Debug|Any CPU.ActiveCfg = Debug|Any CPU
		{BE4BEC3D-FBF4-4F2D-9CEA-094C4DDC7213}.Debug|Any CPU.Build.0 = Debug|Any CPU
		{BE4BEC3D-FBF4-4F2D-9CEA-094C4DDC7213}.Release|Any CPU.ActiveCfg = Release|Any CPU
		{BE4BEC3D-FBF4-4F2D-9CEA-094C4DDC7213}.Release|Any CPU.Build.0 = Release|Any CPU
		{1855EA33-022F-45FF-A0D9-F8B64AAD24F9}.Debug|Any CPU.ActiveCfg = Debug|Any CPU
		{1855EA33-022F-45FF-A0D9-F8B64AAD24F9}.Debug|Any CPU.Build.0 = Debug|Any CPU
		{1855EA33-022F-45FF-A0D9-F8B64AAD24F9}.Release|Any CPU.ActiveCfg = Release|Any CPU
		{1855EA33-022F-45FF-A0D9-F8B64AAD24F9}.Release|Any CPU.Build.0 = Release|Any CPU
		{14E3379B-3E3B-4DD3-B543-18B2E6019D17}.Debug|Any CPU.ActiveCfg = Debug|Any CPU
		{14E3379B-3E3B-4DD3-B543-18B2E6019D17}.Debug|Any CPU.Build.0 = Debug|Any CPU
		{14E3379B-3E3B-4DD3-B543-18B2E6019D17}.Release|Any CPU.ActiveCfg = Release|Any CPU
		{14E3379B-3E3B-4DD3-B543-18B2E6019D17}.Release|Any CPU.Build.0 = Release|Any CPU
		{E5B4FFD3-67C2-470C-9C49-D38AF1B3C12D}.Debug|Any CPU.ActiveCfg = Debug|Any CPU
		{E5B4FFD3-67C2-470C-9C49-D38AF1B3C12D}.Debug|Any CPU.Build.0 = Debug|Any CPU
		{E5B4FFD3-67C2-470C-9C49-D38AF1B3C12D}.Release|Any CPU.ActiveCfg = Release|Any CPU
		{E5B4FFD3-67C2-470C-9C49-D38AF1B3C12D}.Release|Any CPU.Build.0 = Release|Any CPU
		{82BE670F-C180-4794-BBFE-489015BFAA2F}.Debug|Any CPU.ActiveCfg = Debug|Any CPU
		{82BE670F-C180-4794-BBFE-489015BFAA2F}.Debug|Any CPU.Build.0 = Debug|Any CPU
		{82BE670F-C180-4794-BBFE-489015BFAA2F}.Release|Any CPU.ActiveCfg = Release|Any CPU
		{82BE670F-C180-4794-BBFE-489015BFAA2F}.Release|Any CPU.Build.0 = Release|Any CPU
		{D663A4E6-92DE-4CB6-AE45-F88E7F3262B5}.Debug|Any CPU.ActiveCfg = Debug|Any CPU
		{D663A4E6-92DE-4CB6-AE45-F88E7F3262B5}.Debug|Any CPU.Build.0 = Debug|Any CPU
		{D663A4E6-92DE-4CB6-AE45-F88E7F3262B5}.Release|Any CPU.ActiveCfg = Release|Any CPU
		{D663A4E6-92DE-4CB6-AE45-F88E7F3262B5}.Release|Any CPU.Build.0 = Release|Any CPU
	EndGlobalSection
	GlobalSection(SolutionProperties) = preSolution
		HideSolutionNode = FALSE
	EndGlobalSection
EndGlobal
